
Microsoft Visual Studio Solution File, Format Version 12.00
# Visual Studio Version 17
VisualStudioVersion = 17.10.35122.118
MinimumVisualStudioVersion = 10.0.40219.1
Project("{FAE04EC0-301F-11D3-BF4B-00C04F79EFBC}") = "SuperMarketManagement", "SuperMarketManagement\SuperMarketManagement.csproj", "{DABD0017-3BA6-42FA-ACB9-E94699EC7D2F}"
EndProject
Global
	GlobalSection(SolutionConfigurationPlatforms) = preSolution
		Debug|Any CPU = Debug|Any CPU
		Release|Any CPU = Release|Any CPU
	EndGlobalSection
	GlobalSection(ProjectConfigurationPlatforms) = postSolution
		{DABD0017-3BA6-42FA-ACB9-E94699EC7D2F}.Debug|Any CPU.ActiveCfg = Debug|Any CPU
		{DABD0017-3BA6-42FA-ACB9-E94699EC7D2F}.Debug|Any CPU.Build.0 = Debug|Any CPU
		{DABD0017-3BA6-42FA-ACB9-E94699EC7D2F}.Release|Any CPU.ActiveCfg = Release|Any CPU
		{DABD0017-3BA6-42FA-ACB9-E94699EC7D2F}.Release|Any CPU.Build.0 = Release|Any CPU
	EndGlobalSection
	GlobalSection(SolutionProperties) = preSolution
		HideSolutionNode = FALSE
	EndGlobalSection
	GlobalSection(ExtensibilityGlobals) = postSolution
		SolutionGuid = {2BE7C5D3-3DE3-44D5-91AA-ECB72FD7718B}
	EndGlobalSection
EndGlobal
